// !$*UTF8*$!
{
	archiveVersion = 1;
	classes = {
	};
	objectVersion = 46;
	objects = {

/* Begin PBXBuildFile section */
		3F4D1C12CFB2B31784BCD9FC /* Pods_Reader.framework in Frameworks */ = {isa = PBXBuildFile; fileRef = 8395C7E1836AFF5CA0536814 /* Pods_Reader.framework */; };
		A265E5521F17135E00E96D77 /* NavView.swift in Sources */ = {isa = PBXBuildFile; fileRef = A265E5511F17135E00E96D77 /* NavView.swift */; };
		A265E5541F176F1F00E96D77 /* BookCollectionViewCell.swift in Sources */ = {isa = PBXBuildFile; fileRef = A265E5531F176F1F00E96D77 /* BookCollectionViewCell.swift */; };
		A265E55A1F17735B00E96D77 /* Contants.swift in Sources */ = {isa = PBXBuildFile; fileRef = A265E5591F17735B00E96D77 /* Contants.swift */; };
		A27785231F1602EE00C3C4B4 /* LeftMenuViewController.swift in Sources */ = {isa = PBXBuildFile; fileRef = A27785221F1602EE00C3C4B4 /* LeftMenuViewController.swift */; };
		A27785251F16030A00C3C4B4 /* BookShelfViewController.swift in Sources */ = {isa = PBXBuildFile; fileRef = A27785241F16030A00C3C4B4 /* BookShelfViewController.swift */; };
		A27785271F16032700C3C4B4 /* DrawerViewController.swift in Sources */ = {isa = PBXBuildFile; fileRef = A27785261F16032700C3C4B4 /* DrawerViewController.swift */; };
		A27785291F16033F00C3C4B4 /* PopTableViewController.swift in Sources */ = {isa = PBXBuildFile; fileRef = A27785281F16033F00C3C4B4 /* PopTableViewController.swift */; };
		A2AF79741F1DA0B1003B3835 /* JS.pdf in Resources */ = {isa = PBXBuildFile; fileRef = A2AF79721F1DA0B1003B3835 /* JS.pdf */; };
		A2AF79751F1DA0B1003B3835 /* people.txt in Resources */ = {isa = PBXBuildFile; fileRef = A2AF79731F1DA0B1003B3835 /* people.txt */; };
		A2AF797B1F1DD305003B3835 /* LSYViewPagerVC.m in Sources */ = {isa = PBXBuildFile; fileRef = A2AF797A1F1DD305003B3835 /* LSYViewPagerVC.m */; };
		A2B3C4F31F1C4F1F00B26E0D /* UIColor+Hex.swift in Sources */ = {isa = PBXBuildFile; fileRef = A2B3C4F21F1C4F1F00B26E0D /* UIColor+Hex.swift */; };
		A2B3C5451F1CA44200B26E0D /* LSYChapterVC.m in Sources */ = {isa = PBXBuildFile; fileRef = A2B3C5031F1CA44200B26E0D /* LSYChapterVC.m */; };
		A2B3C5461F1CA44200B26E0D /* LSYMarkVC.m in Sources */ = {isa = PBXBuildFile; fileRef = A2B3C5051F1CA44200B26E0D /* LSYMarkVC.m */; };
		A2B3C5471F1CA44200B26E0D /* LSYNoteVC.m in Sources */ = {isa = PBXBuildFile; fileRef = A2B3C5071F1CA44200B26E0D /* LSYNoteVC.m */; };
		A2B3C5481F1CA44200B26E0D /* LSYReadConfig.m in Sources */ = {isa = PBXBuildFile; fileRef = A2B3C50A1F1CA44200B26E0D /* LSYReadConfig.m */; };
		A2B3C5491F1CA44200B26E0D /* LSYReadParser.m in Sources */ = {isa = PBXBuildFile; fileRef = A2B3C50C1F1CA44200B26E0D /* LSYReadParser.m */; };
		A2B3C54A1F1CA44200B26E0D /* LSYReadUtilites.m in Sources */ = {isa = PBXBuildFile; fileRef = A2B3C50E1F1CA44200B26E0D /* LSYReadUtilites.m */; };
		A2B3C54B1F1CA44200B26E0D /* LSYCatalogViewController.m in Sources */ = {isa = PBXBuildFile; fileRef = A2B3C5101F1CA44200B26E0D /* LSYCatalogViewController.m */; };
		A2B3C54C1F1CA44200B26E0D /* LSYReadPageViewController.m in Sources */ = {isa = PBXBuildFile; fileRef = A2B3C5121F1CA44200B26E0D /* LSYReadPageViewController.m */; };
		A2B3C54D1F1CA44200B26E0D /* LSYReadView.m in Sources */ = {isa = PBXBuildFile; fileRef = A2B3C5141F1CA44200B26E0D /* LSYReadView.m */; };
		A2B3C54E1F1CA44200B26E0D /* LSYReadViewController.m in Sources */ = {isa = PBXBuildFile; fileRef = A2B3C5161F1CA44200B26E0D /* LSYReadViewController.m */; };
		A2B3C54F1F1CA44200B26E0D /* LSYChapterModel.m in Sources */ = {isa = PBXBuildFile; fileRef = A2B3C5191F1CA44200B26E0D /* LSYChapterModel.m */; };
		A2B3C5501F1CA44200B26E0D /* LSYMarkModel.m in Sources */ = {isa = PBXBuildFile; fileRef = A2B3C51B1F1CA44200B26E0D /* LSYMarkModel.m */; };
		A2B3C5511F1CA44200B26E0D /* LSYNoteModel.m in Sources */ = {isa = PBXBuildFile; fileRef = A2B3C51D1F1CA44200B26E0D /* LSYNoteModel.m */; };
		A2B3C5521F1CA44200B26E0D /* LSYReadModel.m in Sources */ = {isa = PBXBuildFile; fileRef = A2B3C51F1F1CA44200B26E0D /* LSYReadModel.m */; };
		A2B3C5531F1CA44200B26E0D /* LSYRecordModel.m in Sources */ = {isa = PBXBuildFile; fileRef = A2B3C5211F1CA44200B26E0D /* LSYRecordModel.m */; };
		A2B3C5611F1CA44200B26E0D /* LSYBottomMenuView.m in Sources */ = {isa = PBXBuildFile; fileRef = A2B3C53E1F1CA44200B26E0D /* LSYBottomMenuView.m */; };
		A2B3C5621F1CA44200B26E0D /* LSYMagnifierView.m in Sources */ = {isa = PBXBuildFile; fileRef = A2B3C5401F1CA44200B26E0D /* LSYMagnifierView.m */; };
		A2B3C5631F1CA44200B26E0D /* LSYMenuView.m in Sources */ = {isa = PBXBuildFile; fileRef = A2B3C5421F1CA44200B26E0D /* LSYMenuView.m */; };
		A2B3C5641F1CA44200B26E0D /* LSYTopMenuView.m in Sources */ = {isa = PBXBuildFile; fileRef = A2B3C5441F1CA44200B26E0D /* LSYTopMenuView.m */; };
		A2B3C5671F1CAFD600B26E0D /* UIKit.framework in Frameworks */ = {isa = PBXBuildFile; fileRef = A2B3C5661F1CAFD600B26E0D /* UIKit.framework */; };
		A2B3C5921F1CB0C000B26E0D /* CGPDFDocument.m in Sources */ = {isa = PBXBuildFile; fileRef = A2B3C56B1F1CB0C000B26E0D /* CGPDFDocument.m */; };
		A2B3C5931F1CB0C000B26E0D /* ReaderConstants.m in Sources */ = {isa = PBXBuildFile; fileRef = A2B3C56D1F1CB0C000B26E0D /* ReaderConstants.m */; };
		A2B3C5941F1CB0C000B26E0D /* ReaderContentPage.m in Sources */ = {isa = PBXBuildFile; fileRef = A2B3C56F1F1CB0C000B26E0D /* ReaderContentPage.m */; };
		A2B3C5951F1CB0C000B26E0D /* ReaderContentTile.m in Sources */ = {isa = PBXBuildFile; fileRef = A2B3C5711F1CB0C000B26E0D /* ReaderContentTile.m */; };
		A2B3C5961F1CB0C000B26E0D /* ReaderContentView.m in Sources */ = {isa = PBXBuildFile; fileRef = A2B3C5731F1CB0C000B26E0D /* ReaderContentView.m */; };
		A2B3C5971F1CB0C000B26E0D /* ReaderDocument.m in Sources */ = {isa = PBXBuildFile; fileRef = A2B3C5751F1CB0C000B26E0D /* ReaderDocument.m */; };
		A2B3C5981F1CB0C000B26E0D /* ReaderDocumentOutline.m in Sources */ = {isa = PBXBuildFile; fileRef = A2B3C5771F1CB0C000B26E0D /* ReaderDocumentOutline.m */; };
		A2B3C5991F1CB0C000B26E0D /* ReaderMainPagebar.m in Sources */ = {isa = PBXBuildFile; fileRef = A2B3C5791F1CB0C000B26E0D /* ReaderMainPagebar.m */; };
		A2B3C59A1F1CB0C000B26E0D /* ReaderMainToolbar.m in Sources */ = {isa = PBXBuildFile; fileRef = A2B3C57B1F1CB0C000B26E0D /* ReaderMainToolbar.m */; };
		A2B3C59B1F1CB0C000B26E0D /* ReaderThumbCache.m in Sources */ = {isa = PBXBuildFile; fileRef = A2B3C57D1F1CB0C000B26E0D /* ReaderThumbCache.m */; };
		A2B3C59C1F1CB0C000B26E0D /* ReaderThumbFetch.m in Sources */ = {isa = PBXBuildFile; fileRef = A2B3C57F1F1CB0C000B26E0D /* ReaderThumbFetch.m */; };
		A2B3C59D1F1CB0C000B26E0D /* ReaderThumbQueue.m in Sources */ = {isa = PBXBuildFile; fileRef = A2B3C5811F1CB0C000B26E0D /* ReaderThumbQueue.m */; };
		A2B3C59E1F1CB0C000B26E0D /* ReaderThumbRender.m in Sources */ = {isa = PBXBuildFile; fileRef = A2B3C5831F1CB0C000B26E0D /* ReaderThumbRender.m */; };
		A2B3C59F1F1CB0C000B26E0D /* ReaderThumbRequest.m in Sources */ = {isa = PBXBuildFile; fileRef = A2B3C5851F1CB0C000B26E0D /* ReaderThumbRequest.m */; };
		A2B3C5A01F1CB0C000B26E0D /* ReaderThumbsView.m in Sources */ = {isa = PBXBuildFile; fileRef = A2B3C5871F1CB0C000B26E0D /* ReaderThumbsView.m */; };
		A2B3C5A11F1CB0C000B26E0D /* ReaderThumbView.m in Sources */ = {isa = PBXBuildFile; fileRef = A2B3C5891F1CB0C000B26E0D /* ReaderThumbView.m */; };
		A2B3C5A21F1CB0C000B26E0D /* ReaderViewController.m in Sources */ = {isa = PBXBuildFile; fileRef = A2B3C58B1F1CB0C000B26E0D /* ReaderViewController.m */; };
		A2B3C5A31F1CB0C000B26E0D /* ThumbsMainToolbar.m in Sources */ = {isa = PBXBuildFile; fileRef = A2B3C58D1F1CB0C000B26E0D /* ThumbsMainToolbar.m */; };
		A2B3C5A41F1CB0C000B26E0D /* ThumbsViewController.m in Sources */ = {isa = PBXBuildFile; fileRef = A2B3C58F1F1CB0C000B26E0D /* ThumbsViewController.m */; };
		A2B3C5A51F1CB0C000B26E0D /* UIXToolbarView.m in Sources */ = {isa = PBXBuildFile; fileRef = A2B3C5911F1CB0C000B26E0D /* UIXToolbarView.m */; };
		A2B3C5A71F1CB87400B26E0D /* CoreGraphics.framework in Frameworks */ = {isa = PBXBuildFile; fileRef = A2B3C5A61F1CB87400B26E0D /* CoreGraphics.framework */; };
		A2B3C5A91F1CB87D00B26E0D /* QuartzCore.framework in Frameworks */ = {isa = PBXBuildFile; fileRef = A2B3C5A81F1CB87D00B26E0D /* QuartzCore.framework */; };
		A2B3C5AB1F1CB88600B26E0D /* ImageIO.framework in Frameworks */ = {isa = PBXBuildFile; fileRef = A2B3C5AA1F1CB88600B26E0D /* ImageIO.framework */; };
		A2B3C5AD1F1CB88D00B26E0D /* MessageUI.framework in Frameworks */ = {isa = PBXBuildFile; fileRef = A2B3C5AC1F1CB88D00B26E0D /* MessageUI.framework */; };
		A2B53B7D1F14A8F30067B988 /* AppDelegate.swift in Sources */ = {isa = PBXBuildFile; fileRef = A2B53B7C1F14A8F30067B988 /* AppDelegate.swift */; };
		A2B53B7F1F14A8F30067B988 /* ViewController.swift in Sources */ = {isa = PBXBuildFile; fileRef = A2B53B7E1F14A8F30067B988 /* ViewController.swift */; };
		A2B53B821F14A8F30067B988 /* Main.storyboard in Resources */ = {isa = PBXBuildFile; fileRef = A2B53B801F14A8F30067B988 /* Main.storyboard */; };
		A2B53B841F14A8F30067B988 /* Assets.xcassets in Resources */ = {isa = PBXBuildFile; fileRef = A2B53B831F14A8F30067B988 /* Assets.xcassets */; };
		A2B53B871F14A8F30067B988 /* LaunchScreen.storyboard in Resources */ = {isa = PBXBuildFile; fileRef = A2B53B851F14A8F30067B988 /* LaunchScreen.storyboard */; };
		A2B53B921F14A8F30067B988 /* ReaderTests.swift in Sources */ = {isa = PBXBuildFile; fileRef = A2B53B911F14A8F30067B988 /* ReaderTests.swift */; };
		A2B53B9D1F14A8F30067B988 /* ReaderUITests.swift in Sources */ = {isa = PBXBuildFile; fileRef = A2B53B9C1F14A8F30067B988 /* ReaderUITests.swift */; };
/* End PBXBuildFile section */

/* Begin PBXContainerItemProxy section */
		A2B53B8E1F14A8F30067B988 /* PBXContainerItemProxy */ = {
			isa = PBXContainerItemProxy;
			containerPortal = A2B53B711F14A8F30067B988 /* Project object */;
			proxyType = 1;
			remoteGlobalIDString = A2B53B781F14A8F30067B988;
			remoteInfo = Reader;
		};
		A2B53B991F14A8F30067B988 /* PBXContainerItemProxy */ = {
			isa = PBXContainerItemProxy;
			containerPortal = A2B53B711F14A8F30067B988 /* Project object */;
			proxyType = 1;
			remoteGlobalIDString = A2B53B781F14A8F30067B988;
			remoteInfo = Reader;
		};
/* End PBXContainerItemProxy section */

/* Begin PBXFileReference section */
		02765B9AECCC19BC0BC60F10 /* Pods-Reader.release.xcconfig */ = {isa = PBXFileReference; includeInIndex = 1; lastKnownFileType = text.xcconfig; name = "Pods-Reader.release.xcconfig"; path = "Pods/Target Support Files/Pods-Reader/Pods-Reader.release.xcconfig"; sourceTree = "<group>"; };
		7A4789AC8F610F482ACB3DE4 /* Pods-Reader.debug.xcconfig */ = {isa = PBXFileReference; includeInIndex = 1; lastKnownFileType = text.xcconfig; name = "Pods-Reader.debug.xcconfig"; path = "Pods/Target Support Files/Pods-Reader/Pods-Reader.debug.xcconfig"; sourceTree = "<group>"; };
		8395C7E1836AFF5CA0536814 /* Pods_Reader.framework */ = {isa = PBXFileReference; explicitFileType = wrapper.framework; includeInIndex = 0; path = Pods_Reader.framework; sourceTree = BUILT_PRODUCTS_DIR; };
		A265E5511F17135E00E96D77 /* NavView.swift */ = {isa = PBXFileReference; fileEncoding = 4; lastKnownFileType = sourcecode.swift; path = NavView.swift; sourceTree = "<group>"; };
		A265E5531F176F1F00E96D77 /* BookCollectionViewCell.swift */ = {isa = PBXFileReference; fileEncoding = 4; lastKnownFileType = sourcecode.swift; path = BookCollectionViewCell.swift; sourceTree = "<group>"; };
		A265E5591F17735B00E96D77 /* Contants.swift */ = {isa = PBXFileReference; fileEncoding = 4; lastKnownFileType = sourcecode.swift; path = Contants.swift; sourceTree = "<group>"; };
		A27785221F1602EE00C3C4B4 /* LeftMenuViewController.swift */ = {isa = PBXFileReference; fileEncoding = 4; lastKnownFileType = sourcecode.swift; path = LeftMenuViewController.swift; sourceTree = "<group>"; };
		A27785241F16030A00C3C4B4 /* BookShelfViewController.swift */ = {isa = PBXFileReference; fileEncoding = 4; lastKnownFileType = sourcecode.swift; path = BookShelfViewController.swift; sourceTree = "<group>"; };
		A27785261F16032700C3C4B4 /* DrawerViewController.swift */ = {isa = PBXFileReference; fileEncoding = 4; lastKnownFileType = sourcecode.swift; path = DrawerViewController.swift; sourceTree = "<group>"; };
		A27785281F16033F00C3C4B4 /* PopTableViewController.swift */ = {isa = PBXFileReference; fileEncoding = 4; lastKnownFileType = sourcecode.swift; path = PopTableViewController.swift; sourceTree = "<group>"; };
		A2AF79721F1DA0B1003B3835 /* JS.pdf */ = {isa = PBXFileReference; lastKnownFileType = image.pdf; path = JS.pdf; sourceTree = "<group>"; };
		A2AF79731F1DA0B1003B3835 /* people.txt */ = {isa = PBXFileReference; fileEncoding = 4; lastKnownFileType = text; path = people.txt; sourceTree = "<group>"; };
		A2AF79791F1DD305003B3835 /* LSYViewPagerVC.h */ = {isa = PBXFileReference; fileEncoding = 4; lastKnownFileType = sourcecode.c.h; path = LSYViewPagerVC.h; sourceTree = "<group>"; };
		A2AF797A1F1DD305003B3835 /* LSYViewPagerVC.m */ = {isa = PBXFileReference; fileEncoding = 4; lastKnownFileType = sourcecode.c.objc; path = LSYViewPagerVC.m; sourceTree = "<group>"; };
		A2B3C4F21F1C4F1F00B26E0D /* UIColor+Hex.swift */ = {isa = PBXFileReference; fileEncoding = 4; lastKnownFileType = sourcecode.swift; path = "UIColor+Hex.swift"; sourceTree = "<group>"; };
		A2B3C4FF1F1CA2CF00B26E0D /* Reader-Bridging-Header.h */ = {isa = PBXFileReference; fileEncoding = 4; lastKnownFileType = sourcecode.c.h; path = "Reader-Bridging-Header.h"; sourceTree = "<group>"; };
		A2B3C5021F1CA44200B26E0D /* LSYChapterVC.h */ = {isa = PBXFileReference; fileEncoding = 4; lastKnownFileType = sourcecode.c.h; path = LSYChapterVC.h; sourceTree = "<group>"; };
		A2B3C5031F1CA44200B26E0D /* LSYChapterVC.m */ = {isa = PBXFileReference; fileEncoding = 4; lastKnownFileType = sourcecode.c.objc; path = LSYChapterVC.m; sourceTree = "<group>"; };
		A2B3C5041F1CA44200B26E0D /* LSYMarkVC.h */ = {isa = PBXFileReference; fileEncoding = 4; lastKnownFileType = sourcecode.c.h; path = LSYMarkVC.h; sourceTree = "<group>"; };
		A2B3C5051F1CA44200B26E0D /* LSYMarkVC.m */ = {isa = PBXFileReference; fileEncoding = 4; lastKnownFileType = sourcecode.c.objc; path = LSYMarkVC.m; sourceTree = "<group>"; };
		A2B3C5061F1CA44200B26E0D /* LSYNoteVC.h */ = {isa = PBXFileReference; fileEncoding = 4; lastKnownFileType = sourcecode.c.h; path = LSYNoteVC.h; sourceTree = "<group>"; };
		A2B3C5071F1CA44200B26E0D /* LSYNoteVC.m */ = {isa = PBXFileReference; fileEncoding = 4; lastKnownFileType = sourcecode.c.objc; path = LSYNoteVC.m; sourceTree = "<group>"; };
		A2B3C5091F1CA44200B26E0D /* LSYReadConfig.h */ = {isa = PBXFileReference; fileEncoding = 4; lastKnownFileType = sourcecode.c.h; path = LSYReadConfig.h; sourceTree = "<group>"; };
		A2B3C50A1F1CA44200B26E0D /* LSYReadConfig.m */ = {isa = PBXFileReference; fileEncoding = 4; lastKnownFileType = sourcecode.c.objc; path = LSYReadConfig.m; sourceTree = "<group>"; };
		A2B3C50B1F1CA44200B26E0D /* LSYReadParser.h */ = {isa = PBXFileReference; fileEncoding = 4; lastKnownFileType = sourcecode.c.h; path = LSYReadParser.h; sourceTree = "<group>"; };
		A2B3C50C1F1CA44200B26E0D /* LSYReadParser.m */ = {isa = PBXFileReference; fileEncoding = 4; lastKnownFileType = sourcecode.c.objc; path = LSYReadParser.m; sourceTree = "<group>"; };
		A2B3C50D1F1CA44200B26E0D /* LSYReadUtilites.h */ = {isa = PBXFileReference; fileEncoding = 4; lastKnownFileType = sourcecode.c.h; path = LSYReadUtilites.h; sourceTree = "<group>"; };
		A2B3C50E1F1CA44200B26E0D /* LSYReadUtilites.m */ = {isa = PBXFileReference; fileEncoding = 4; lastKnownFileType = sourcecode.c.objc; path = LSYReadUtilites.m; sourceTree = "<group>"; };
		A2B3C50F1F1CA44200B26E0D /* LSYCatalogViewController.h */ = {isa = PBXFileReference; fileEncoding = 4; lastKnownFileType = sourcecode.c.h; path = LSYCatalogViewController.h; sourceTree = "<group>"; };
		A2B3C5101F1CA44200B26E0D /* LSYCatalogViewController.m */ = {isa = PBXFileReference; fileEncoding = 4; lastKnownFileType = sourcecode.c.objc; path = LSYCatalogViewController.m; sourceTree = "<group>"; };
		A2B3C5111F1CA44200B26E0D /* LSYReadPageViewController.h */ = {isa = PBXFileReference; fileEncoding = 4; lastKnownFileType = sourcecode.c.h; path = LSYReadPageViewController.h; sourceTree = "<group>"; };
		A2B3C5121F1CA44200B26E0D /* LSYReadPageViewController.m */ = {isa = PBXFileReference; fileEncoding = 4; lastKnownFileType = sourcecode.c.objc; path = LSYReadPageViewController.m; sourceTree = "<group>"; };
		A2B3C5131F1CA44200B26E0D /* LSYReadView.h */ = {isa = PBXFileReference; fileEncoding = 4; lastKnownFileType = sourcecode.c.h; path = LSYReadView.h; sourceTree = "<group>"; };
		A2B3C5141F1CA44200B26E0D /* LSYReadView.m */ = {isa = PBXFileReference; fileEncoding = 4; lastKnownFileType = sourcecode.c.objc; path = LSYReadView.m; sourceTree = "<group>"; };
		A2B3C5151F1CA44200B26E0D /* LSYReadViewController.h */ = {isa = PBXFileReference; fileEncoding = 4; lastKnownFileType = sourcecode.c.h; path = LSYReadViewController.h; sourceTree = "<group>"; };
		A2B3C5161F1CA44200B26E0D /* LSYReadViewController.m */ = {isa = PBXFileReference; fileEncoding = 4; lastKnownFileType = sourcecode.c.objc; path = LSYReadViewController.m; sourceTree = "<group>"; };
		A2B3C5181F1CA44200B26E0D /* LSYChapterModel.h */ = {isa = PBXFileReference; fileEncoding = 4; lastKnownFileType = sourcecode.c.h; path = LSYChapterModel.h; sourceTree = "<group>"; };
		A2B3C5191F1CA44200B26E0D /* LSYChapterModel.m */ = {isa = PBXFileReference; fileEncoding = 4; lastKnownFileType = sourcecode.c.objc; path = LSYChapterModel.m; sourceTree = "<group>"; };
		A2B3C51A1F1CA44200B26E0D /* LSYMarkModel.h */ = {isa = PBXFileReference; fileEncoding = 4; lastKnownFileType = sourcecode.c.h; path = LSYMarkModel.h; sourceTree = "<group>"; };
		A2B3C51B1F1CA44200B26E0D /* LSYMarkModel.m */ = {isa = PBXFileReference; fileEncoding = 4; lastKnownFileType = sourcecode.c.objc; path = LSYMarkModel.m; sourceTree = "<group>"; };
		A2B3C51C1F1CA44200B26E0D /* LSYNoteModel.h */ = {isa = PBXFileReference; fileEncoding = 4; lastKnownFileType = sourcecode.c.h; path = LSYNoteModel.h; sourceTree = "<group>"; };
		A2B3C51D1F1CA44200B26E0D /* LSYNoteModel.m */ = {isa = PBXFileReference; fileEncoding = 4; lastKnownFileType = sourcecode.c.objc; path = LSYNoteModel.m; sourceTree = "<group>"; };
		A2B3C51E1F1CA44200B26E0D /* LSYReadModel.h */ = {isa = PBXFileReference; fileEncoding = 4; lastKnownFileType = sourcecode.c.h; path = LSYReadModel.h; sourceTree = "<group>"; };
		A2B3C51F1F1CA44200B26E0D /* LSYReadModel.m */ = {isa = PBXFileReference; fileEncoding = 4; lastKnownFileType = sourcecode.c.objc; path = LSYReadModel.m; sourceTree = "<group>"; };
		A2B3C5201F1CA44200B26E0D /* LSYRecordModel.h */ = {isa = PBXFileReference; fileEncoding = 4; lastKnownFileType = sourcecode.c.h; path = LSYRecordModel.h; sourceTree = "<group>"; };
		A2B3C5211F1CA44200B26E0D /* LSYRecordModel.m */ = {isa = PBXFileReference; fileEncoding = 4; lastKnownFileType = sourcecode.c.objc; path = LSYRecordModel.m; sourceTree = "<group>"; };
		A2B3C53D1F1CA44200B26E0D /* LSYBottomMenuView.h */ = {isa = PBXFileReference; fileEncoding = 4; lastKnownFileType = sourcecode.c.h; path = LSYBottomMenuView.h; sourceTree = "<group>"; };
		A2B3C53E1F1CA44200B26E0D /* LSYBottomMenuView.m */ = {isa = PBXFileReference; fileEncoding = 4; lastKnownFileType = sourcecode.c.objc; path = LSYBottomMenuView.m; sourceTree = "<group>"; };
		A2B3C53F1F1CA44200B26E0D /* LSYMagnifierView.h */ = {isa = PBXFileReference; fileEncoding = 4; lastKnownFileType = sourcecode.c.h; path = LSYMagnifierView.h; sourceTree = "<group>"; };
		A2B3C5401F1CA44200B26E0D /* LSYMagnifierView.m */ = {isa = PBXFileReference; fileEncoding = 4; lastKnownFileType = sourcecode.c.objc; path = LSYMagnifierView.m; sourceTree = "<group>"; };
		A2B3C5411F1CA44200B26E0D /* LSYMenuView.h */ = {isa = PBXFileReference; fileEncoding = 4; lastKnownFileType = sourcecode.c.h; path = LSYMenuView.h; sourceTree = "<group>"; };
		A2B3C5421F1CA44200B26E0D /* LSYMenuView.m */ = {isa = PBXFileReference; fileEncoding = 4; lastKnownFileType = sourcecode.c.objc; path = LSYMenuView.m; sourceTree = "<group>"; };
		A2B3C5431F1CA44200B26E0D /* LSYTopMenuView.h */ = {isa = PBXFileReference; fileEncoding = 4; lastKnownFileType = sourcecode.c.h; path = LSYTopMenuView.h; sourceTree = "<group>"; };
		A2B3C5441F1CA44200B26E0D /* LSYTopMenuView.m */ = {isa = PBXFileReference; fileEncoding = 4; lastKnownFileType = sourcecode.c.objc; path = LSYTopMenuView.m; sourceTree = "<group>"; };
		A2B3C5651F1CA91100B26E0D /* PrefixHeader.pch */ = {isa = PBXFileReference; fileEncoding = 4; lastKnownFileType = sourcecode.c.h; path = PrefixHeader.pch; sourceTree = "<group>"; };
		A2B3C5661F1CAFD600B26E0D /* UIKit.framework */ = {isa = PBXFileReference; lastKnownFileType = wrapper.framework; name = UIKit.framework; path = System/Library/Frameworks/UIKit.framework; sourceTree = SDKROOT; };
		A2B3C56A1F1CB0C000B26E0D /* CGPDFDocument.h */ = {isa = PBXFileReference; fileEncoding = 4; lastKnownFileType = sourcecode.c.h; path = CGPDFDocument.h; sourceTree = "<group>"; };
		A2B3C56B1F1CB0C000B26E0D /* CGPDFDocument.m */ = {isa = PBXFileReference; fileEncoding = 4; lastKnownFileType = sourcecode.c.objc; path = CGPDFDocument.m; sourceTree = "<group>"; };
		A2B3C56C1F1CB0C000B26E0D /* ReaderConstants.h */ = {isa = PBXFileReference; fileEncoding = 4; lastKnownFileType = sourcecode.c.h; path = ReaderConstants.h; sourceTree = "<group>"; };
		A2B3C56D1F1CB0C000B26E0D /* ReaderConstants.m */ = {isa = PBXFileReference; fileEncoding = 4; lastKnownFileType = sourcecode.c.objc; path = ReaderConstants.m; sourceTree = "<group>"; };
		A2B3C56E1F1CB0C000B26E0D /* ReaderContentPage.h */ = {isa = PBXFileReference; fileEncoding = 4; lastKnownFileType = sourcecode.c.h; path = ReaderContentPage.h; sourceTree = "<group>"; };
		A2B3C56F1F1CB0C000B26E0D /* ReaderContentPage.m */ = {isa = PBXFileReference; fileEncoding = 4; lastKnownFileType = sourcecode.c.objc; path = ReaderContentPage.m; sourceTree = "<group>"; };
		A2B3C5701F1CB0C000B26E0D /* ReaderContentTile.h */ = {isa = PBXFileReference; fileEncoding = 4; lastKnownFileType = sourcecode.c.h; path = ReaderContentTile.h; sourceTree = "<group>"; };
		A2B3C5711F1CB0C000B26E0D /* ReaderContentTile.m */ = {isa = PBXFileReference; fileEncoding = 4; lastKnownFileType = sourcecode.c.objc; path = ReaderContentTile.m; sourceTree = "<group>"; };
		A2B3C5721F1CB0C000B26E0D /* ReaderContentView.h */ = {isa = PBXFileReference; fileEncoding = 4; lastKnownFileType = sourcecode.c.h; path = ReaderContentView.h; sourceTree = "<group>"; };
		A2B3C5731F1CB0C000B26E0D /* ReaderContentView.m */ = {isa = PBXFileReference; fileEncoding = 4; lastKnownFileType = sourcecode.c.objc; path = ReaderContentView.m; sourceTree = "<group>"; };
		A2B3C5741F1CB0C000B26E0D /* ReaderDocument.h */ = {isa = PBXFileReference; fileEncoding = 4; lastKnownFileType = sourcecode.c.h; path = ReaderDocument.h; sourceTree = "<group>"; };
		A2B3C5751F1CB0C000B26E0D /* ReaderDocument.m */ = {isa = PBXFileReference; fileEncoding = 4; lastKnownFileType = sourcecode.c.objc; path = ReaderDocument.m; sourceTree = "<group>"; };
		A2B3C5761F1CB0C000B26E0D /* ReaderDocumentOutline.h */ = {isa = PBXFileReference; fileEncoding = 4; lastKnownFileType = sourcecode.c.h; path = ReaderDocumentOutline.h; sourceTree = "<group>"; };
		A2B3C5771F1CB0C000B26E0D /* ReaderDocumentOutline.m */ = {isa = PBXFileReference; fileEncoding = 4; lastKnownFileType = sourcecode.c.objc; path = ReaderDocumentOutline.m; sourceTree = "<group>"; };
		A2B3C5781F1CB0C000B26E0D /* ReaderMainPagebar.h */ = {isa = PBXFileReference; fileEncoding = 4; lastKnownFileType = sourcecode.c.h; path = ReaderMainPagebar.h; sourceTree = "<group>"; };
		A2B3C5791F1CB0C000B26E0D /* ReaderMainPagebar.m */ = {isa = PBXFileReference; fileEncoding = 4; lastKnownFileType = sourcecode.c.objc; path = ReaderMainPagebar.m; sourceTree = "<group>"; };
		A2B3C57A1F1CB0C000B26E0D /* ReaderMainToolbar.h */ = {isa = PBXFileReference; fileEncoding = 4; lastKnownFileType = sourcecode.c.h; path = ReaderMainToolbar.h; sourceTree = "<group>"; };
		A2B3C57B1F1CB0C000B26E0D /* ReaderMainToolbar.m */ = {isa = PBXFileReference; fileEncoding = 4; lastKnownFileType = sourcecode.c.objc; path = ReaderMainToolbar.m; sourceTree = "<group>"; };
		A2B3C57C1F1CB0C000B26E0D /* ReaderThumbCache.h */ = {isa = PBXFileReference; fileEncoding = 4; lastKnownFileType = sourcecode.c.h; path = ReaderThumbCache.h; sourceTree = "<group>"; };
		A2B3C57D1F1CB0C000B26E0D /* ReaderThumbCache.m */ = {isa = PBXFileReference; fileEncoding = 4; lastKnownFileType = sourcecode.c.objc; path = ReaderThumbCache.m; sourceTree = "<group>"; };
		A2B3C57E1F1CB0C000B26E0D /* ReaderThumbFetch.h */ = {isa = PBXFileReference; fileEncoding = 4; lastKnownFileType = sourcecode.c.h; path = ReaderThumbFetch.h; sourceTree = "<group>"; };
		A2B3C57F1F1CB0C000B26E0D /* ReaderThumbFetch.m */ = {isa = PBXFileReference; fileEncoding = 4; lastKnownFileType = sourcecode.c.objc; path = ReaderThumbFetch.m; sourceTree = "<group>"; };
		A2B3C5801F1CB0C000B26E0D /* ReaderThumbQueue.h */ = {isa = PBXFileReference; fileEncoding = 4; lastKnownFileType = sourcecode.c.h; path = ReaderThumbQueue.h; sourceTree = "<group>"; };
		A2B3C5811F1CB0C000B26E0D /* ReaderThumbQueue.m */ = {isa = PBXFileReference; fileEncoding = 4; lastKnownFileType = sourcecode.c.objc; path = ReaderThumbQueue.m; sourceTree = "<group>"; };
		A2B3C5821F1CB0C000B26E0D /* ReaderThumbRender.h */ = {isa = PBXFileReference; fileEncoding = 4; lastKnownFileType = sourcecode.c.h; path = ReaderThumbRender.h; sourceTree = "<group>"; };
		A2B3C5831F1CB0C000B26E0D /* ReaderThumbRender.m */ = {isa = PBXFileReference; fileEncoding = 4; lastKnownFileType = sourcecode.c.objc; path = ReaderThumbRender.m; sourceTree = "<group>"; };
		A2B3C5841F1CB0C000B26E0D /* ReaderThumbRequest.h */ = {isa = PBXFileReference; fileEncoding = 4; lastKnownFileType = sourcecode.c.h; path = ReaderThumbRequest.h; sourceTree = "<group>"; };
		A2B3C5851F1CB0C000B26E0D /* ReaderThumbRequest.m */ = {isa = PBXFileReference; fileEncoding = 4; lastKnownFileType = sourcecode.c.objc; path = ReaderThumbRequest.m; sourceTree = "<group>"; };
		A2B3C5861F1CB0C000B26E0D /* ReaderThumbsView.h */ = {isa = PBXFileReference; fileEncoding = 4; lastKnownFileType = sourcecode.c.h; path = ReaderThumbsView.h; sourceTree = "<group>"; };
		A2B3C5871F1CB0C000B26E0D /* ReaderThumbsView.m */ = {isa = PBXFileReference; fileEncoding = 4; lastKnownFileType = sourcecode.c.objc; path = ReaderThumbsView.m; sourceTree = "<group>"; };
		A2B3C5881F1CB0C000B26E0D /* ReaderThumbView.h */ = {isa = PBXFileReference; fileEncoding = 4; lastKnownFileType = sourcecode.c.h; path = ReaderThumbView.h; sourceTree = "<group>"; };
		A2B3C5891F1CB0C000B26E0D /* ReaderThumbView.m */ = {isa = PBXFileReference; fileEncoding = 4; lastKnownFileType = sourcecode.c.objc; path = ReaderThumbView.m; sourceTree = "<group>"; };
		A2B3C58A1F1CB0C000B26E0D /* ReaderViewController.h */ = {isa = PBXFileReference; fileEncoding = 4; lastKnownFileType = sourcecode.c.h; path = ReaderViewController.h; sourceTree = "<group>"; };
		A2B3C58B1F1CB0C000B26E0D /* ReaderViewController.m */ = {isa = PBXFileReference; fileEncoding = 4; lastKnownFileType = sourcecode.c.objc; path = ReaderViewController.m; sourceTree = "<group>"; };
		A2B3C58C1F1CB0C000B26E0D /* ThumbsMainToolbar.h */ = {isa = PBXFileReference; fileEncoding = 4; lastKnownFileType = sourcecode.c.h; path = ThumbsMainToolbar.h; sourceTree = "<group>"; };
		A2B3C58D1F1CB0C000B26E0D /* ThumbsMainToolbar.m */ = {isa = PBXFileReference; fileEncoding = 4; lastKnownFileType = sourcecode.c.objc; path = ThumbsMainToolbar.m; sourceTree = "<group>"; };
		A2B3C58E1F1CB0C000B26E0D /* ThumbsViewController.h */ = {isa = PBXFileReference; fileEncoding = 4; lastKnownFileType = sourcecode.c.h; path = ThumbsViewController.h; sourceTree = "<group>"; };
		A2B3C58F1F1CB0C000B26E0D /* ThumbsViewController.m */ = {isa = PBXFileReference; fileEncoding = 4; lastKnownFileType = sourcecode.c.objc; path = ThumbsViewController.m; sourceTree = "<group>"; };
		A2B3C5901F1CB0C000B26E0D /* UIXToolbarView.h */ = {isa = PBXFileReference; fileEncoding = 4; lastKnownFileType = sourcecode.c.h; path = UIXToolbarView.h; sourceTree = "<group>"; };
		A2B3C5911F1CB0C000B26E0D /* UIXToolbarView.m */ = {isa = PBXFileReference; fileEncoding = 4; lastKnownFileType = sourcecode.c.objc; path = UIXToolbarView.m; sourceTree = "<group>"; };
		A2B3C5A61F1CB87400B26E0D /* CoreGraphics.framework */ = {isa = PBXFileReference; lastKnownFileType = wrapper.framework; name = CoreGraphics.framework; path = System/Library/Frameworks/CoreGraphics.framework; sourceTree = SDKROOT; };
		A2B3C5A81F1CB87D00B26E0D /* QuartzCore.framework */ = {isa = PBXFileReference; lastKnownFileType = wrapper.framework; name = QuartzCore.framework; path = System/Library/Frameworks/QuartzCore.framework; sourceTree = SDKROOT; };
		A2B3C5AA1F1CB88600B26E0D /* ImageIO.framework */ = {isa = PBXFileReference; lastKnownFileType = wrapper.framework; name = ImageIO.framework; path = System/Library/Frameworks/ImageIO.framework; sourceTree = SDKROOT; };
		A2B3C5AC1F1CB88D00B26E0D /* MessageUI.framework */ = {isa = PBXFileReference; lastKnownFileType = wrapper.framework; name = MessageUI.framework; path = System/Library/Frameworks/MessageUI.framework; sourceTree = SDKROOT; };
		A2B53B791F14A8F30067B988 /* Reader.app */ = {isa = PBXFileReference; explicitFileType = wrapper.application; includeInIndex = 0; path = Reader.app; sourceTree = BUILT_PRODUCTS_DIR; };
		A2B53B7C1F14A8F30067B988 /* AppDelegate.swift */ = {isa = PBXFileReference; lastKnownFileType = sourcecode.swift; path = AppDelegate.swift; sourceTree = "<group>"; };
		A2B53B7E1F14A8F30067B988 /* ViewController.swift */ = {isa = PBXFileReference; lastKnownFileType = sourcecode.swift; path = ViewController.swift; sourceTree = "<group>"; };
		A2B53B811F14A8F30067B988 /* Base */ = {isa = PBXFileReference; lastKnownFileType = file.storyboard; name = Base; path = Base.lproj/Main.storyboard; sourceTree = "<group>"; };
		A2B53B831F14A8F30067B988 /* Assets.xcassets */ = {isa = PBXFileReference; lastKnownFileType = folder.assetcatalog; path = Assets.xcassets; sourceTree = "<group>"; };
		A2B53B861F14A8F30067B988 /* Base */ = {isa = PBXFileReference; lastKnownFileType = file.storyboard; name = Base; path = Base.lproj/LaunchScreen.storyboard; sourceTree = "<group>"; };
		A2B53B881F14A8F30067B988 /* Info.plist */ = {isa = PBXFileReference; lastKnownFileType = text.plist.xml; path = Info.plist; sourceTree = "<group>"; };
		A2B53B8D1F14A8F30067B988 /* ReaderTests.xctest */ = {isa = PBXFileReference; explicitFileType = wrapper.cfbundle; includeInIndex = 0; path = ReaderTests.xctest; sourceTree = BUILT_PRODUCTS_DIR; };
		A2B53B911F14A8F30067B988 /* ReaderTests.swift */ = {isa = PBXFileReference; lastKnownFileType = sourcecode.swift; path = ReaderTests.swift; sourceTree = "<group>"; };
		A2B53B931F14A8F30067B988 /* Info.plist */ = {isa = PBXFileReference; lastKnownFileType = text.plist.xml; path = Info.plist; sourceTree = "<group>"; };
		A2B53B981F14A8F30067B988 /* ReaderUITests.xctest */ = {isa = PBXFileReference; explicitFileType = wrapper.cfbundle; includeInIndex = 0; path = ReaderUITests.xctest; sourceTree = BUILT_PRODUCTS_DIR; };
		A2B53B9C1F14A8F30067B988 /* ReaderUITests.swift */ = {isa = PBXFileReference; lastKnownFileType = sourcecode.swift; path = ReaderUITests.swift; sourceTree = "<group>"; };
		A2B53B9E1F14A8F30067B988 /* Info.plist */ = {isa = PBXFileReference; lastKnownFileType = text.plist.xml; path = Info.plist; sourceTree = "<group>"; };
/* End PBXFileReference section */

/* Begin PBXFrameworksBuildPhase section */
		A2B53B761F14A8F30067B988 /* Frameworks */ = {
			isa = PBXFrameworksBuildPhase;
			buildActionMask = 2147483647;
			files = (
				A2B3C5AD1F1CB88D00B26E0D /* MessageUI.framework in Frameworks */,
				A2B3C5AB1F1CB88600B26E0D /* ImageIO.framework in Frameworks */,
				A2B3C5A91F1CB87D00B26E0D /* QuartzCore.framework in Frameworks */,
				A2B3C5A71F1CB87400B26E0D /* CoreGraphics.framework in Frameworks */,
				A2B3C5671F1CAFD600B26E0D /* UIKit.framework in Frameworks */,
				3F4D1C12CFB2B31784BCD9FC /* Pods_Reader.framework in Frameworks */,
			);
			runOnlyForDeploymentPostprocessing = 0;
		};
		A2B53B8A1F14A8F30067B988 /* Frameworks */ = {
			isa = PBXFrameworksBuildPhase;
			buildActionMask = 2147483647;
			files = (
			);
			runOnlyForDeploymentPostprocessing = 0;
		};
		A2B53B951F14A8F30067B988 /* Frameworks */ = {
			isa = PBXFrameworksBuildPhase;
			buildActionMask = 2147483647;
			files = (
			);
			runOnlyForDeploymentPostprocessing = 0;
		};
/* End PBXFrameworksBuildPhase section */

/* Begin PBXGroup section */
		0D831618017DD8A9E80BF0D7 /* Pods */ = {
			isa = PBXGroup;
			children = (
				7A4789AC8F610F482ACB3DE4 /* Pods-Reader.debug.xcconfig */,
				02765B9AECCC19BC0BC60F10 /* Pods-Reader.release.xcconfig */,
			);
			name = Pods;
			sourceTree = "<group>";
		};
		A265E5501F17134A00E96D77 /* NavView */ = {
			isa = PBXGroup;
			children = (
				A265E5511F17135E00E96D77 /* NavView.swift */,
			);
			path = NavView;
			sourceTree = "<group>";
		};
		A265E5551F1770D300E96D77 /* Utils */ = {
			isa = PBXGroup;
			children = (
				A2AF79721F1DA0B1003B3835 /* JS.pdf */,
				A2AF79731F1DA0B1003B3835 /* people.txt */,
				A2B3C4F21F1C4F1F00B26E0D /* UIColor+Hex.swift */,
				A265E5591F17735B00E96D77 /* Contants.swift */,
			);
			path = Utils;
			sourceTree = "<group>";
		};
		A2B3C5001F1CA36B00B26E0D /* TxtReader */ = {
			isa = PBXGroup;
			children = (
				A2B3C5011F1CA44200B26E0D /* CatalogVC */,
				A2B3C5081F1CA44200B26E0D /* Core */,
				A2B3C50F1F1CA44200B26E0D /* LSYCatalogViewController.h */,
				A2B3C5101F1CA44200B26E0D /* LSYCatalogViewController.m */,
				A2B3C5111F1CA44200B26E0D /* LSYReadPageViewController.h */,
				A2B3C5121F1CA44200B26E0D /* LSYReadPageViewController.m */,
				A2B3C5131F1CA44200B26E0D /* LSYReadView.h */,
				A2B3C5141F1CA44200B26E0D /* LSYReadView.m */,
				A2B3C5151F1CA44200B26E0D /* LSYReadViewController.h */,
				A2B3C5161F1CA44200B26E0D /* LSYReadViewController.m */,
				A2B3C5171F1CA44200B26E0D /* Model */,
				A2B3C53B1F1CA44200B26E0D /* View */,
			);
			path = TxtReader;
			sourceTree = "<group>";
		};
		A2B3C5011F1CA44200B26E0D /* CatalogVC */ = {
			isa = PBXGroup;
			children = (
				A2B3C5021F1CA44200B26E0D /* LSYChapterVC.h */,
				A2B3C5031F1CA44200B26E0D /* LSYChapterVC.m */,
				A2B3C5041F1CA44200B26E0D /* LSYMarkVC.h */,
				A2B3C5051F1CA44200B26E0D /* LSYMarkVC.m */,
				A2B3C5061F1CA44200B26E0D /* LSYNoteVC.h */,
				A2B3C5071F1CA44200B26E0D /* LSYNoteVC.m */,
				A2AF79791F1DD305003B3835 /* LSYViewPagerVC.h */,
				A2AF797A1F1DD305003B3835 /* LSYViewPagerVC.m */,
			);
			path = CatalogVC;
			sourceTree = "<group>";
		};
		A2B3C5081F1CA44200B26E0D /* Core */ = {
			isa = PBXGroup;
			children = (
				A2B3C5091F1CA44200B26E0D /* LSYReadConfig.h */,
				A2B3C50A1F1CA44200B26E0D /* LSYReadConfig.m */,
				A2B3C50B1F1CA44200B26E0D /* LSYReadParser.h */,
				A2B3C50C1F1CA44200B26E0D /* LSYReadParser.m */,
				A2B3C50D1F1CA44200B26E0D /* LSYReadUtilites.h */,
				A2B3C50E1F1CA44200B26E0D /* LSYReadUtilites.m */,
			);
			path = Core;
			sourceTree = "<group>";
		};
		A2B3C5171F1CA44200B26E0D /* Model */ = {
			isa = PBXGroup;
			children = (
				A2B3C5181F1CA44200B26E0D /* LSYChapterModel.h */,
				A2B3C5191F1CA44200B26E0D /* LSYChapterModel.m */,
				A2B3C51A1F1CA44200B26E0D /* LSYMarkModel.h */,
				A2B3C51B1F1CA44200B26E0D /* LSYMarkModel.m */,
				A2B3C51C1F1CA44200B26E0D /* LSYNoteModel.h */,
				A2B3C51D1F1CA44200B26E0D /* LSYNoteModel.m */,
				A2B3C51E1F1CA44200B26E0D /* LSYReadModel.h */,
				A2B3C51F1F1CA44200B26E0D /* LSYReadModel.m */,
				A2B3C5201F1CA44200B26E0D /* LSYRecordModel.h */,
				A2B3C5211F1CA44200B26E0D /* LSYRecordModel.m */,
			);
			path = Model;
			sourceTree = "<group>";
		};
		A2B3C53B1F1CA44200B26E0D /* View */ = {
			isa = PBXGroup;
			children = (
				A2B3C53D1F1CA44200B26E0D /* LSYBottomMenuView.h */,
				A2B3C53E1F1CA44200B26E0D /* LSYBottomMenuView.m */,
				A2B3C53F1F1CA44200B26E0D /* LSYMagnifierView.h */,
				A2B3C5401F1CA44200B26E0D /* LSYMagnifierView.m */,
				A2B3C5411F1CA44200B26E0D /* LSYMenuView.h */,
				A2B3C5421F1CA44200B26E0D /* LSYMenuView.m */,
				A2B3C5431F1CA44200B26E0D /* LSYTopMenuView.h */,
				A2B3C5441F1CA44200B26E0D /* LSYTopMenuView.m */,
			);
			path = View;
			sourceTree = "<group>";
		};
		A2B3C5681F1CB0C000B26E0D /* PdfReader */ = {
			isa = PBXGroup;
			children = (
				A2B3C5691F1CB0C000B26E0D /* Resource */,
			);
			path = PdfReader;
			sourceTree = "<group>";
		};
		A2B3C5691F1CB0C000B26E0D /* Resource */ = {
			isa = PBXGroup;
			children = (
				A2B3C56A1F1CB0C000B26E0D /* CGPDFDocument.h */,
				A2B3C56B1F1CB0C000B26E0D /* CGPDFDocument.m */,
				A2B3C56C1F1CB0C000B26E0D /* ReaderConstants.h */,
				A2B3C56D1F1CB0C000B26E0D /* ReaderConstants.m */,
				A2B3C56E1F1CB0C000B26E0D /* ReaderContentPage.h */,
				A2B3C56F1F1CB0C000B26E0D /* ReaderContentPage.m */,
				A2B3C5701F1CB0C000B26E0D /* ReaderContentTile.h */,
				A2B3C5711F1CB0C000B26E0D /* ReaderContentTile.m */,
				A2B3C5721F1CB0C000B26E0D /* ReaderContentView.h */,
				A2B3C5731F1CB0C000B26E0D /* ReaderContentView.m */,
				A2B3C5741F1CB0C000B26E0D /* ReaderDocument.h */,
				A2B3C5751F1CB0C000B26E0D /* ReaderDocument.m */,
				A2B3C5761F1CB0C000B26E0D /* ReaderDocumentOutline.h */,
				A2B3C5771F1CB0C000B26E0D /* ReaderDocumentOutline.m */,
				A2B3C5781F1CB0C000B26E0D /* ReaderMainPagebar.h */,
				A2B3C5791F1CB0C000B26E0D /* ReaderMainPagebar.m */,
				A2B3C57A1F1CB0C000B26E0D /* ReaderMainToolbar.h */,
				A2B3C57B1F1CB0C000B26E0D /* ReaderMainToolbar.m */,
				A2B3C57C1F1CB0C000B26E0D /* ReaderThumbCache.h */,
				A2B3C57D1F1CB0C000B26E0D /* ReaderThumbCache.m */,
				A2B3C57E1F1CB0C000B26E0D /* ReaderThumbFetch.h */,
				A2B3C57F1F1CB0C000B26E0D /* ReaderThumbFetch.m */,
				A2B3C5801F1CB0C000B26E0D /* ReaderThumbQueue.h */,
				A2B3C5811F1CB0C000B26E0D /* ReaderThumbQueue.m */,
				A2B3C5821F1CB0C000B26E0D /* ReaderThumbRender.h */,
				A2B3C5831F1CB0C000B26E0D /* ReaderThumbRender.m */,
				A2B3C5841F1CB0C000B26E0D /* ReaderThumbRequest.h */,
				A2B3C5851F1CB0C000B26E0D /* ReaderThumbRequest.m */,
				A2B3C5861F1CB0C000B26E0D /* ReaderThumbsView.h */,
				A2B3C5871F1CB0C000B26E0D /* ReaderThumbsView.m */,
				A2B3C5881F1CB0C000B26E0D /* ReaderThumbView.h */,
				A2B3C5891F1CB0C000B26E0D /* ReaderThumbView.m */,
				A2B3C58A1F1CB0C000B26E0D /* ReaderViewController.h */,
				A2B3C58B1F1CB0C000B26E0D /* ReaderViewController.m */,
				A2B3C58C1F1CB0C000B26E0D /* ThumbsMainToolbar.h */,
				A2B3C58D1F1CB0C000B26E0D /* ThumbsMainToolbar.m */,
				A2B3C58E1F1CB0C000B26E0D /* ThumbsViewController.h */,
				A2B3C58F1F1CB0C000B26E0D /* ThumbsViewController.m */,
				A2B3C5901F1CB0C000B26E0D /* UIXToolbarView.h */,
				A2B3C5911F1CB0C000B26E0D /* UIXToolbarView.m */,
			);
			path = Resource;
			sourceTree = "<group>";
		};
		A2B53B701F14A8F30067B988 = {
			isa = PBXGroup;
			children = (
				A2B3C5651F1CA91100B26E0D /* PrefixHeader.pch */,
				A2B3C4FF1F1CA2CF00B26E0D /* Reader-Bridging-Header.h */,
				A2B53B7B1F14A8F30067B988 /* Reader */,
				A2B53B901F14A8F30067B988 /* ReaderTests */,
				A2B53B9B1F14A8F30067B988 /* ReaderUITests */,
				A2B53B7A1F14A8F30067B988 /* Products */,
				0D831618017DD8A9E80BF0D7 /* Pods */,
				F522EB169AB95447FCFCF890 /* Frameworks */,
			);
			sourceTree = "<group>";
		};
		A2B53B7A1F14A8F30067B988 /* Products */ = {
			isa = PBXGroup;
			children = (
				A2B53B791F14A8F30067B988 /* Reader.app */,
				A2B53B8D1F14A8F30067B988 /* ReaderTests.xctest */,
				A2B53B981F14A8F30067B988 /* ReaderUITests.xctest */,
			);
			name = Products;
			sourceTree = "<group>";
		};
		A2B53B7B1F14A8F30067B988 /* Reader */ = {
			isa = PBXGroup;
			children = (
				A2B3C5681F1CB0C000B26E0D /* PdfReader */,
				A2B3C5001F1CA36B00B26E0D /* TxtReader */,
				A265E5551F1770D300E96D77 /* Utils */,
				A265E5501F17134A00E96D77 /* NavView */,
				A2B53B7C1F14A8F30067B988 /* AppDelegate.swift */,
				A2B53B7E1F14A8F30067B988 /* ViewController.swift */,
				A2B53B801F14A8F30067B988 /* Main.storyboard */,
				A2B53B831F14A8F30067B988 /* Assets.xcassets */,
				A2B53B851F14A8F30067B988 /* LaunchScreen.storyboard */,
				A2B53B881F14A8F30067B988 /* Info.plist */,
				A27785221F1602EE00C3C4B4 /* LeftMenuViewController.swift */,
				A27785241F16030A00C3C4B4 /* BookShelfViewController.swift */,
				A27785261F16032700C3C4B4 /* DrawerViewController.swift */,
				A27785281F16033F00C3C4B4 /* PopTableViewController.swift */,
				A265E5531F176F1F00E96D77 /* BookCollectionViewCell.swift */,
			);
			path = Reader;
			sourceTree = "<group>";
		};
		A2B53B901F14A8F30067B988 /* ReaderTests */ = {
			isa = PBXGroup;
			children = (
				A2B53B911F14A8F30067B988 /* ReaderTests.swift */,
				A2B53B931F14A8F30067B988 /* Info.plist */,
			);
			path = ReaderTests;
			sourceTree = "<group>";
		};
		A2B53B9B1F14A8F30067B988 /* ReaderUITests */ = {
			isa = PBXGroup;
			children = (
				A2B53B9C1F14A8F30067B988 /* ReaderUITests.swift */,
				A2B53B9E1F14A8F30067B988 /* Info.plist */,
			);
			path = ReaderUITests;
			sourceTree = "<group>";
		};
		F522EB169AB95447FCFCF890 /* Frameworks */ = {
			isa = PBXGroup;
			children = (
				A2B3C5AC1F1CB88D00B26E0D /* MessageUI.framework */,
				A2B3C5AA1F1CB88600B26E0D /* ImageIO.framework */,
				A2B3C5A81F1CB87D00B26E0D /* QuartzCore.framework */,
				A2B3C5A61F1CB87400B26E0D /* CoreGraphics.framework */,
				A2B3C5661F1CAFD600B26E0D /* UIKit.framework */,
				8395C7E1836AFF5CA0536814 /* Pods_Reader.framework */,
			);
			name = Frameworks;
			sourceTree = "<group>";
		};
/* End PBXGroup section */

/* Begin PBXNativeTarget section */
		A2B53B781F14A8F30067B988 /* Reader */ = {
			isa = PBXNativeTarget;
			buildConfigurationList = A2B53BA11F14A8F30067B988 /* Build configuration list for PBXNativeTarget "Reader" */;
			buildPhases = (
				ED4A9F2361BB9D9D5B6AA7B9 /* [CP] Check Pods Manifest.lock */,
				A2B53B751F14A8F30067B988 /* Sources */,
				A2B53B761F14A8F30067B988 /* Frameworks */,
				A2B53B771F14A8F30067B988 /* Resources */,
				8C0B8D8EA14804D1BD88603E /* [CP] Embed Pods Frameworks */,
				BB0DBFFA3CF707CDE5CA3389 /* [CP] Copy Pods Resources */,
			);
			buildRules = (
			);
			dependencies = (
			);
			name = Reader;
			productName = Reader;
			productReference = A2B53B791F14A8F30067B988 /* Reader.app */;
			productType = "com.apple.product-type.application";
		};
		A2B53B8C1F14A8F30067B988 /* ReaderTests */ = {
			isa = PBXNativeTarget;
			buildConfigurationList = A2B53BA41F14A8F30067B988 /* Build configuration list for PBXNativeTarget "ReaderTests" */;
			buildPhases = (
				A2B53B891F14A8F30067B988 /* Sources */,
				A2B53B8A1F14A8F30067B988 /* Frameworks */,
				A2B53B8B1F14A8F30067B988 /* Resources */,
			);
			buildRules = (
			);
			dependencies = (
				A2B53B8F1F14A8F30067B988 /* PBXTargetDependency */,
			);
			name = ReaderTests;
			productName = ReaderTests;
			productReference = A2B53B8D1F14A8F30067B988 /* ReaderTests.xctest */;
			productType = "com.apple.product-type.bundle.unit-test";
		};
		A2B53B971F14A8F30067B988 /* ReaderUITests */ = {
			isa = PBXNativeTarget;
			buildConfigurationList = A2B53BA71F14A8F30067B988 /* Build configuration list for PBXNativeTarget "ReaderUITests" */;
			buildPhases = (
				A2B53B941F14A8F30067B988 /* Sources */,
				A2B53B951F14A8F30067B988 /* Frameworks */,
				A2B53B961F14A8F30067B988 /* Resources */,
			);
			buildRules = (
			);
			dependencies = (
				A2B53B9A1F14A8F30067B988 /* PBXTargetDependency */,
			);
			name = ReaderUITests;
			productName = ReaderUITests;
			productReference = A2B53B981F14A8F30067B988 /* ReaderUITests.xctest */;
			productType = "com.apple.product-type.bundle.ui-testing";
		};
/* End PBXNativeTarget section */

/* Begin PBXProject section */
		A2B53B711F14A8F30067B988 /* Project object */ = {
			isa = PBXProject;
			attributes = {
				LastSwiftUpdateCheck = 0830;
				LastUpgradeCheck = 0830;
				ORGANIZATIONNAME = mosquito;
				TargetAttributes = {
					A2B53B781F14A8F30067B988 = {
						CreatedOnToolsVersion = 8.3.2;
						DevelopmentTeam = WKQV5DN8XZ;
						ProvisioningStyle = Automatic;
					};
					A2B53B8C1F14A8F30067B988 = {
						CreatedOnToolsVersion = 8.3.2;
						ProvisioningStyle = Automatic;
						TestTargetID = A2B53B781F14A8F30067B988;
					};
					A2B53B971F14A8F30067B988 = {
						CreatedOnToolsVersion = 8.3.2;
						ProvisioningStyle = Automatic;
						TestTargetID = A2B53B781F14A8F30067B988;
					};
				};
			};
			buildConfigurationList = A2B53B741F14A8F30067B988 /* Build configuration list for PBXProject "Reader" */;
			compatibilityVersion = "Xcode 3.2";
			developmentRegion = English;
			hasScannedForEncodings = 0;
			knownRegions = (
				en,
				Base,
			);
			mainGroup = A2B53B701F14A8F30067B988;
			productRefGroup = A2B53B7A1F14A8F30067B988 /* Products */;
			projectDirPath = "";
			projectRoot = "";
			targets = (
				A2B53B781F14A8F30067B988 /* Reader */,
				A2B53B8C1F14A8F30067B988 /* ReaderTests */,
				A2B53B971F14A8F30067B988 /* ReaderUITests */,
			);
		};
/* End PBXProject section */

/* Begin PBXResourcesBuildPhase section */
		A2B53B771F14A8F30067B988 /* Resources */ = {
			isa = PBXResourcesBuildPhase;
			buildActionMask = 2147483647;
			files = (
				A2B53B871F14A8F30067B988 /* LaunchScreen.storyboard in Resources */,
				A2B53B841F14A8F30067B988 /* Assets.xcassets in Resources */,
				A2B53B821F14A8F30067B988 /* Main.storyboard in Resources */,
				A2AF79741F1DA0B1003B3835 /* JS.pdf in Resources */,
				A2AF79751F1DA0B1003B3835 /* people.txt in Resources */,
			);
			runOnlyForDeploymentPostprocessing = 0;
		};
		A2B53B8B1F14A8F30067B988 /* Resources */ = {
			isa = PBXResourcesBuildPhase;
			buildActionMask = 2147483647;
			files = (
			);
			runOnlyForDeploymentPostprocessing = 0;
		};
		A2B53B961F14A8F30067B988 /* Resources */ = {
			isa = PBXResourcesBuildPhase;
			buildActionMask = 2147483647;
			files = (
			);
			runOnlyForDeploymentPostprocessing = 0;
		};
/* End PBXResourcesBuildPhase section */

/* Begin PBXShellScriptBuildPhase section */
		8C0B8D8EA14804D1BD88603E /* [CP] Embed Pods Frameworks */ = {
			isa = PBXShellScriptBuildPhase;
			buildActionMask = 2147483647;
			files = (
			);
			inputPaths = (
			);
			name = "[CP] Embed Pods Frameworks";
			outputPaths = (
			);
			runOnlyForDeploymentPostprocessing = 0;
			shellPath = /bin/sh;
			shellScript = "\"${SRCROOT}/Pods/Target Support Files/Pods-Reader/Pods-Reader-frameworks.sh\"\n";
			showEnvVarsInLog = 0;
		};
		BB0DBFFA3CF707CDE5CA3389 /* [CP] Copy Pods Resources */ = {
			isa = PBXShellScriptBuildPhase;
			buildActionMask = 2147483647;
			files = (
			);
			inputPaths = (
			);
			name = "[CP] Copy Pods Resources";
			outputPaths = (
			);
			runOnlyForDeploymentPostprocessing = 0;
			shellPath = /bin/sh;
			shellScript = "\"${SRCROOT}/Pods/Target Support Files/Pods-Reader/Pods-Reader-resources.sh\"\n";
			showEnvVarsInLog = 0;
		};
		ED4A9F2361BB9D9D5B6AA7B9 /* [CP] Check Pods Manifest.lock */ = {
			isa = PBXShellScriptBuildPhase;
			buildActionMask = 2147483647;
			files = (
			);
			inputPaths = (
			);
			name = "[CP] Check Pods Manifest.lock";
			outputPaths = (
			);
			runOnlyForDeploymentPostprocessing = 0;
			shellPath = /bin/sh;
			shellScript = "diff \"${PODS_PODFILE_DIR_PATH}/Podfile.lock\" \"${PODS_ROOT}/Manifest.lock\" > /dev/null\nif [ $? != 0 ] ; then\n    # print error to STDERR\n    echo \"error: The sandbox is not in sync with the Podfile.lock. Run 'pod install' or update your CocoaPods installation.\" >&2\n    exit 1\nfi\n";
			showEnvVarsInLog = 0;
		};
/* End PBXShellScriptBuildPhase section */

/* Begin PBXSourcesBuildPhase section */
		A2B53B751F14A8F30067B988 /* Sources */ = {
			isa = PBXSourcesBuildPhase;
			buildActionMask = 2147483647;
			files = (
				A2B3C5931F1CB0C000B26E0D /* ReaderConstants.m in Sources */,
				A2B3C54E1F1CA44200B26E0D /* LSYReadViewController.m in Sources */,
				A2B3C5521F1CA44200B26E0D /* LSYReadModel.m in Sources */,
				A2B3C5461F1CA44200B26E0D /* LSYMarkVC.m in Sources */,
				A265E5521F17135E00E96D77 /* NavView.swift in Sources */,
				A2B3C5641F1CA44200B26E0D /* LSYTopMenuView.m in Sources */,
				A265E5541F176F1F00E96D77 /* BookCollectionViewCell.swift in Sources */,
				A2B3C59D1F1CB0C000B26E0D /* ReaderThumbQueue.m in Sources */,
				A2B3C54F1F1CA44200B26E0D /* LSYChapterModel.m in Sources */,
				A2B3C54D1F1CA44200B26E0D /* LSYReadView.m in Sources */,
				A2B3C5631F1CA44200B26E0D /* LSYMenuView.m in Sources */,
				A2B3C5531F1CA44200B26E0D /* LSYRecordModel.m in Sources */,
				A27785251F16030A00C3C4B4 /* BookShelfViewController.swift in Sources */,
				A2B3C5941F1CB0C000B26E0D /* ReaderContentPage.m in Sources */,
				A2B3C59C1F1CB0C000B26E0D /* ReaderThumbFetch.m in Sources */,
				A2B53B7F1F14A8F30067B988 /* ViewController.swift in Sources */,
				A2B3C5A21F1CB0C000B26E0D /* ReaderViewController.m in Sources */,
				A2B3C59E1F1CB0C000B26E0D /* ReaderThumbRender.m in Sources */,
				A2B3C54B1F1CA44200B26E0D /* LSYCatalogViewController.m in Sources */,
				A2B3C59A1F1CB0C000B26E0D /* ReaderMainToolbar.m in Sources */,
				A27785271F16032700C3C4B4 /* DrawerViewController.swift in Sources */,
				A2B3C5A01F1CB0C000B26E0D /* ReaderThumbsView.m in Sources */,
				A2B3C5451F1CA44200B26E0D /* LSYChapterVC.m in Sources */,
				A265E55A1F17735B00E96D77 /* Contants.swift in Sources */,
				A2B3C5951F1CB0C000B26E0D /* ReaderContentTile.m in Sources */,
				A2B3C5A11F1CB0C000B26E0D /* ReaderThumbView.m in Sources */,
				A2B3C5481F1CA44200B26E0D /* LSYReadConfig.m in Sources */,
				A2B3C5A31F1CB0C000B26E0D /* ThumbsMainToolbar.m in Sources */,
				A2B53B7D1F14A8F30067B988 /* AppDelegate.swift in Sources */,
				A2B3C59F1F1CB0C000B26E0D /* ReaderThumbRequest.m in Sources */,
				A2B3C59B1F1CB0C000B26E0D /* ReaderThumbCache.m in Sources */,
				A2B3C5621F1CA44200B26E0D /* LSYMagnifierView.m in Sources */,
				A27785231F1602EE00C3C4B4 /* LeftMenuViewController.swift in Sources */,
				A2AF797B1F1DD305003B3835 /* LSYViewPagerVC.m in Sources */,
				A2B3C5611F1CA44200B26E0D /* LSYBottomMenuView.m in Sources */,
				A2B3C5491F1CA44200B26E0D /* LSYReadParser.m in Sources */,
				A2B3C5511F1CA44200B26E0D /* LSYNoteModel.m in Sources */,
				A2B3C5501F1CA44200B26E0D /* LSYMarkModel.m in Sources */,
				A2B3C5471F1CA44200B26E0D /* LSYNoteVC.m in Sources */,
				A2B3C5A41F1CB0C000B26E0D /* ThumbsViewController.m in Sources */,
				A2B3C5991F1CB0C000B26E0D /* ReaderMainPagebar.m in Sources */,
				A27785291F16033F00C3C4B4 /* PopTableViewController.swift in Sources */,
				A2B3C5961F1CB0C000B26E0D /* ReaderContentView.m in Sources */,
				A2B3C5921F1CB0C000B26E0D /* CGPDFDocument.m in Sources */,
				A2B3C5981F1CB0C000B26E0D /* ReaderDocumentOutline.m in Sources */,
				A2B3C54A1F1CA44200B26E0D /* LSYReadUtilites.m in Sources */,
				A2B3C5971F1CB0C000B26E0D /* ReaderDocument.m in Sources */,
				A2B3C54C1F1CA44200B26E0D /* LSYReadPageViewController.m in Sources */,
				A2B3C4F31F1C4F1F00B26E0D /* UIColor+Hex.swift in Sources */,
				A2B3C5A51F1CB0C000B26E0D /* UIXToolbarView.m in Sources */,
			);
			runOnlyForDeploymentPostprocessing = 0;
		};
		A2B53B891F14A8F30067B988 /* Sources */ = {
			isa = PBXSourcesBuildPhase;
			buildActionMask = 2147483647;
			files = (
				A2B53B921F14A8F30067B988 /* ReaderTests.swift in Sources */,
			);
			runOnlyForDeploymentPostprocessing = 0;
		};
		A2B53B941F14A8F30067B988 /* Sources */ = {
			isa = PBXSourcesBuildPhase;
			buildActionMask = 2147483647;
			files = (
				A2B53B9D1F14A8F30067B988 /* ReaderUITests.swift in Sources */,
			);
			runOnlyForDeploymentPostprocessing = 0;
		};
/* End PBXSourcesBuildPhase section */

/* Begin PBXTargetDependency section */
		A2B53B8F1F14A8F30067B988 /* PBXTargetDependency */ = {
			isa = PBXTargetDependency;
			target = A2B53B781F14A8F30067B988 /* Reader */;
			targetProxy = A2B53B8E1F14A8F30067B988 /* PBXContainerItemProxy */;
		};
		A2B53B9A1F14A8F30067B988 /* PBXTargetDependency */ = {
			isa = PBXTargetDependency;
			target = A2B53B781F14A8F30067B988 /* Reader */;
			targetProxy = A2B53B991F14A8F30067B988 /* PBXContainerItemProxy */;
		};
/* End PBXTargetDependency section */

/* Begin PBXVariantGroup section */
		A2B53B801F14A8F30067B988 /* Main.storyboard */ = {
			isa = PBXVariantGroup;
			children = (
				A2B53B811F14A8F30067B988 /* Base */,
			);
			name = Main.storyboard;
			sourceTree = "<group>";
		};
		A2B53B851F14A8F30067B988 /* LaunchScreen.storyboard */ = {
			isa = PBXVariantGroup;
			children = (
				A2B53B861F14A8F30067B988 /* Base */,
			);
			name = LaunchScreen.storyboard;
			sourceTree = "<group>";
		};
/* End PBXVariantGroup section */

/* Begin XCBuildConfiguration section */
		A2B53B9F1F14A8F30067B988 /* Debug */ = {
			isa = XCBuildConfiguration;
			buildSettings = {
				ALWAYS_SEARCH_USER_PATHS = NO;
				CLANG_ANALYZER_NONNULL = YES;
				CLANG_ANALYZER_NUMBER_OBJECT_CONVERSION = YES_AGGRESSIVE;
				CLANG_CXX_LANGUAGE_STANDARD = "gnu++0x";
				CLANG_CXX_LIBRARY = "libc++";
				CLANG_ENABLE_MODULES = YES;
				CLANG_ENABLE_OBJC_ARC = YES;
				CLANG_WARN_BOOL_CONVERSION = YES;
				CLANG_WARN_CONSTANT_CONVERSION = YES;
				CLANG_WARN_DIRECT_OBJC_ISA_USAGE = YES_ERROR;
				CLANG_WARN_DOCUMENTATION_COMMENTS = YES;
				CLANG_WARN_EMPTY_BODY = YES;
				CLANG_WARN_ENUM_CONVERSION = YES;
				CLANG_WARN_INFINITE_RECURSION = YES;
				CLANG_WARN_INT_CONVERSION = YES;
				CLANG_WARN_OBJC_ROOT_CLASS = YES_ERROR;
				CLANG_WARN_SUSPICIOUS_MOVE = YES;
				CLANG_WARN_UNREACHABLE_CODE = YES;
				CLANG_WARN__DUPLICATE_METHOD_MATCH = YES;
				"CODE_SIGN_IDENTITY[sdk=iphoneos*]" = "iPhone Developer";
				COPY_PHASE_STRIP = NO;
				DEBUG_INFORMATION_FORMAT = dwarf;
				ENABLE_STRICT_OBJC_MSGSEND = YES;
				ENABLE_TESTABILITY = YES;
				GCC_C_LANGUAGE_STANDARD = gnu99;
				GCC_DYNAMIC_NO_PIC = NO;
				GCC_NO_COMMON_BLOCKS = YES;
				GCC_OPTIMIZATION_LEVEL = 0;
				GCC_PREPROCESSOR_DEFINITIONS = (
					"DEBUG=1",
					"$(inherited)",
				);
				GCC_WARN_64_TO_32_BIT_CONVERSION = YES;
				GCC_WARN_ABOUT_RETURN_TYPE = YES_ERROR;
				GCC_WARN_UNDECLARED_SELECTOR = YES;
				GCC_WARN_UNINITIALIZED_AUTOS = YES_AGGRESSIVE;
				GCC_WARN_UNUSED_FUNCTION = YES;
				GCC_WARN_UNUSED_VARIABLE = YES;
				IPHONEOS_DEPLOYMENT_TARGET = 10.3;
				MTL_ENABLE_DEBUG_INFO = YES;
				ONLY_ACTIVE_ARCH = YES;
				SDKROOT = iphoneos;
				SWIFT_ACTIVE_COMPILATION_CONDITIONS = DEBUG;
				SWIFT_OPTIMIZATION_LEVEL = "-Onone";
			};
			name = Debug;
		};
		A2B53BA01F14A8F30067B988 /* Release */ = {
			isa = XCBuildConfiguration;
			buildSettings = {
				ALWAYS_SEARCH_USER_PATHS = NO;
				CLANG_ANALYZER_NONNULL = YES;
				CLANG_ANALYZER_NUMBER_OBJECT_CONVERSION = YES_AGGRESSIVE;
				CLANG_CXX_LANGUAGE_STANDARD = "gnu++0x";
				CLANG_CXX_LIBRARY = "libc++";
				CLANG_ENABLE_MODULES = YES;
				CLANG_ENABLE_OBJC_ARC = YES;
				CLANG_WARN_BOOL_CONVERSION = YES;
				CLANG_WARN_CONSTANT_CONVERSION = YES;
				CLANG_WARN_DIRECT_OBJC_ISA_USAGE = YES_ERROR;
				CLANG_WARN_DOCUMENTATION_COMMENTS = YES;
				CLANG_WARN_EMPTY_BODY = YES;
				CLANG_WARN_ENUM_CONVERSION = YES;
				CLANG_WARN_INFINITE_RECURSION = YES;
				CLANG_WARN_INT_CONVERSION = YES;
				CLANG_WARN_OBJC_ROOT_CLASS = YES_ERROR;
				CLANG_WARN_SUSPICIOUS_MOVE = YES;
				CLANG_WARN_UNREACHABLE_CODE = YES;
				CLANG_WARN__DUPLICATE_METHOD_MATCH = YES;
				"CODE_SIGN_IDENTITY[sdk=iphoneos*]" = "iPhone Developer";
				COPY_PHASE_STRIP = NO;
				DEBUG_INFORMATION_FORMAT = "dwarf-with-dsym";
				ENABLE_NS_ASSERTIONS = NO;
				ENABLE_STRICT_OBJC_MSGSEND = YES;
				GCC_C_LANGUAGE_STANDARD = gnu99;
				GCC_NO_COMMON_BLOCKS = YES;
				GCC_WARN_64_TO_32_BIT_CONVERSION = YES;
				GCC_WARN_ABOUT_RETURN_TYPE = YES_ERROR;
				GCC_WARN_UNDECLARED_SELECTOR = YES;
				GCC_WARN_UNINITIALIZED_AUTOS = YES_AGGRESSIVE;
				GCC_WARN_UNUSED_FUNCTION = YES;
				GCC_WARN_UNUSED_VARIABLE = YES;
				IPHONEOS_DEPLOYMENT_TARGET = 10.3;
				MTL_ENABLE_DEBUG_INFO = NO;
				SDKROOT = iphoneos;
				SWIFT_OPTIMIZATION_LEVEL = "-Owholemodule";
				VALIDATE_PRODUCT = YES;
			};
			name = Release;
		};
		A2B53BA21F14A8F30067B988 /* Debug */ = {
			isa = XCBuildConfiguration;
			baseConfigurationReference = 7A4789AC8F610F482ACB3DE4 /* Pods-Reader.debug.xcconfig */;
			buildSettings = {
				ASSETCATALOG_COMPILER_APPICON_NAME = AppIcon;
				DEVELOPMENT_TEAM = WKQV5DN8XZ;
				GCC_PREFIX_HEADER = "${SRCROOT}/PrefixHeader.pch";
				INFOPLIST_FILE = Reader/Info.plist;
				IPHONEOS_DEPLOYMENT_TARGET = 8.0;
				LD_RUNPATH_SEARCH_PATHS = "$(inherited) @executable_path/Frameworks";
				PRODUCT_BUNDLE_IDENTIFIER = com.mosquito.Reader;
				PRODUCT_NAME = "$(TARGET_NAME)";
				SWIFT_OBJC_BRIDGING_HEADER = "${SRCROOT}/Reader-Bridging-Header.h";
				SWIFT_VERSION = 3.0;
			};
			name = Debug;
		};
		A2B53BA31F14A8F30067B988 /* Release */ = {
			isa = XCBuildConfiguration;
			baseConfigurationReference = 02765B9AECCC19BC0BC60F10 /* Pods-Reader.release.xcconfig */;
			buildSettings = {
				ASSETCATALOG_COMPILER_APPICON_NAME = AppIcon;
				DEVELOPMENT_TEAM = WKQV5DN8XZ;
				GCC_PREFIX_HEADER = "${SRCROOT}/PrefixHeader.pch";
				INFOPLIST_FILE = Reader/Info.plist;
				IPHONEOS_DEPLOYMENT_TARGET = 8.0;
				LD_RUNPATH_SEARCH_PATHS = "$(inherited) @executable_path/Frameworks";
				PRODUCT_BUNDLE_IDENTIFIER = com.mosquito.Reader;
				PRODUCT_NAME = "$(TARGET_NAME)";
				SWIFT_OBJC_BRIDGING_HEADER = "${SRCROOT}/Reader-Bridging-Header.h";
				SWIFT_VERSION = 3.0;
			};
			name = Release;
		};
		A2B53BA51F14A8F30067B988 /* Debug */ = {
			isa = XCBuildConfiguration;
			buildSettings = {
				ALWAYS_EMBED_SWIFT_STANDARD_LIBRARIES = YES;
				BUNDLE_LOADER = "$(TEST_HOST)";
				INFOPLIST_FILE = ReaderTests/Info.plist;
				LD_RUNPATH_SEARCH_PATHS = "$(inherited) @executable_path/Frameworks @loader_path/Frameworks";
				PRODUCT_BUNDLE_IDENTIFIER = com.mosquito.ReaderTests;
				PRODUCT_NAME = "$(TARGET_NAME)";
				SWIFT_VERSION = 3.0;
				TEST_HOST = "$(BUILT_PRODUCTS_DIR)/Reader.app/Reader";
			};
			name = Debug;
		};
		A2B53BA61F14A8F30067B988 /* Release */ = {
			isa = XCBuildConfiguration;
			buildSettings = {
				ALWAYS_EMBED_SWIFT_STANDARD_LIBRARIES = YES;
				BUNDLE_LOADER = "$(TEST_HOST)";
				INFOPLIST_FILE = ReaderTests/Info.plist;
				LD_RUNPATH_SEARCH_PATHS = "$(inherited) @executable_path/Frameworks @loader_path/Frameworks";
				PRODUCT_BUNDLE_IDENTIFIER = com.mosquito.ReaderTests;
				PRODUCT_NAME = "$(TARGET_NAME)";
				SWIFT_VERSION = 3.0;
				TEST_HOST = "$(BUILT_PRODUCTS_DIR)/Reader.app/Reader";
			};
			name = Release;
		};
		A2B53BA81F14A8F30067B988 /* Debug */ = {
			isa = XCBuildConfiguration;
			buildSettings = {
				ALWAYS_EMBED_SWIFT_STANDARD_LIBRARIES = YES;
				INFOPLIST_FILE = ReaderUITests/Info.plist;
				LD_RUNPATH_SEARCH_PATHS = "$(inherited) @executable_path/Frameworks @loader_path/Frameworks";
				PRODUCT_BUNDLE_IDENTIFIER = com.mosquito.ReaderUITests;
				PRODUCT_NAME = "$(TARGET_NAME)";
				SWIFT_VERSION = 3.0;
				TEST_TARGET_NAME = Reader;
			};
			name = Debug;
		};
		A2B53BA91F14A8F30067B988 /* Release */ = {
			isa = XCBuildConfiguration;
			buildSettings = {
				ALWAYS_EMBED_SWIFT_STANDARD_LIBRARIES = YES;
				INFOPLIST_FILE = ReaderUITests/Info.plist;
				LD_RUNPATH_SEARCH_PATHS = "$(inherited) @executable_path/Frameworks @loader_path/Frameworks";
				PRODUCT_BUNDLE_IDENTIFIER = com.mosquito.ReaderUITests;
				PRODUCT_NAME = "$(TARGET_NAME)";
				SWIFT_VERSION = 3.0;
				TEST_TARGET_NAME = Reader;
			};
			name = Release;
		};
/* End XCBuildConfiguration section */

/* Begin XCConfigurationList section */
		A2B53B741F14A8F30067B988 /* Build configuration list for PBXProject "Reader" */ = {
			isa = XCConfigurationList;
			buildConfigurations = (
				A2B53B9F1F14A8F30067B988 /* Debug */,
				A2B53BA01F14A8F30067B988 /* Release */,
			);
			defaultConfigurationIsVisible = 0;
			defaultConfigurationName = Release;
		};
		A2B53BA11F14A8F30067B988 /* Build configuration list for PBXNativeTarget "Reader" */ = {
			isa = XCConfigurationList;
			buildConfigurations = (
				A2B53BA21F14A8F30067B988 /* Debug */,
				A2B53BA31F14A8F30067B988 /* Release */,
			);
			defaultConfigurationIsVisible = 0;
			defaultConfigurationName = Release;
		};
		A2B53BA41F14A8F30067B988 /* Build configuration list for PBXNativeTarget "ReaderTests" */ = {
			isa = XCConfigurationList;
			buildConfigurations = (
				A2B53BA51F14A8F30067B988 /* Debug */,
				A2B53BA61F14A8F30067B988 /* Release */,
			);
			defaultConfigurationIsVisible = 0;
			defaultConfigurationName = Release;
		};
		A2B53BA71F14A8F30067B988 /* Build configuration list for PBXNativeTarget "ReaderUITests" */ = {
			isa = XCConfigurationList;
			buildConfigurations = (
				A2B53BA81F14A8F30067B988 /* Debug */,
				A2B53BA91F14A8F30067B988 /* Release */,
			);
			defaultConfigurationIsVisible = 0;
			defaultConfigurationName = Release;
		};
/* End XCConfigurationList section */
	};
	rootObject = A2B53B711F14A8F30067B988 /* Project object */;
}
